
Microsoft Visual Studio Solution File, Format Version 12.00
# Visual Studio Version 17
VisualStudioVersion = 17.8.34309.116
MinimumVisualStudioVersion = 10.0.40219.1
Project("{FAE04EC0-301F-11D3-BF4B-00C04F79EFBC}") = "Meetup.Core.Api", "Meetup.Core.Api\Meetup.Core.Api.csproj", "{4275B64E-BB14-4E66-9D21-07A6EDA4DC36}"
EndProject
Project("{FAE04EC0-301F-11D3-BF4B-00C04F79EFBC}") = "Meetup.Core.Data", "Meetup.Core.Data\Meetup.Core.Data.csproj", "{234F3310-4E90-4C08-AA19-355A66241118}"
EndProject
Global
	GlobalSection(SolutionConfigurationPlatforms) = preSolution
		Debug|Any CPU = Debug|Any CPU
		Release|Any CPU = Release|Any CPU
	EndGlobalSection
	GlobalSection(ProjectConfigurationPlatforms) = postSolution
		{4275B64E-BB14-4E66-9D21-07A6EDA4DC36}.Debug|Any CPU.ActiveCfg = Debug|Any CPU
		{4275B64E-BB14-4E66-9D21-07A6EDA4DC36}.Debug|Any CPU.Build.0 = Debug|Any CPU
		{4275B64E-BB14-4E66-9D21-07A6EDA4DC36}.Release|Any CPU.ActiveCfg = Release|Any CPU
		{4275B64E-BB14-4E66-9D21-07A6EDA4DC36}.Release|Any CPU.Build.0 = Release|Any CPU
		{234F3310-4E90-4C08-AA19-355A66241118}.Debug|Any CPU.ActiveCfg = Debug|Any CPU
		{234F3310-4E90-4C08-AA19-355A66241118}.Debug|Any CPU.Build.0 = Debug|Any CPU
		{234F3310-4E90-4C08-AA19-355A66241118}.Release|Any CPU.ActiveCfg = Release|Any CPU
		{234F3310-4E90-4C08-AA19-355A66241118}.Release|Any CPU.Build.0 = Release|Any CPU
	EndGlobalSection
	GlobalSection(SolutionProperties) = preSolution
		HideSolutionNode = FALSE
	EndGlobalSection
	GlobalSection(ExtensibilityGlobals) = postSolution
		SolutionGuid = {4A873583-2467-45A7-A357-3CA913E56ECC}
	EndGlobalSection
EndGlobal
